// !$*UTF8*$!
{
	archiveVersion = 1;
	classes = {
	};
	objectVersion = 46;
	objects = {

/* Begin PBXBuildFile section */
		DF402B7F16DD9C350082D2FE /* ulx_helper.py in Resources */ = {isa = PBXBuildFile; fileRef = DF402B7E16DD9C350082D2FE /* ulx_helper.py */; };
		DF402B8916DDA7EC0082D2FE /* status_icon_0.png in Resources */ = {isa = PBXBuildFile; fileRef = DF402B8016DDA7EC0082D2FE /* status_icon_0.png */; };
		DF402B8A16DDA7EC0082D2FE /* status_icon_1.png in Resources */ = {isa = PBXBuildFile; fileRef = DF402B8116DDA7EC0082D2FE /* status_icon_1.png */; };
		DF402B8B16DDA7EC0082D2FE /* status_icon_2.png in Resources */ = {isa = PBXBuildFile; fileRef = DF402B8216DDA7EC0082D2FE /* status_icon_2.png */; };
		DF402B8C16DDA7EC0082D2FE /* status_icon_3.png in Resources */ = {isa = PBXBuildFile; fileRef = DF402B8316DDA7EC0082D2FE /* status_icon_3.png */; };
		DF402B8D16DDA7EC0082D2FE /* status_icon_4.png in Resources */ = {isa = PBXBuildFile; fileRef = DF402B8416DDA7EC0082D2FE /* status_icon_4.png */; };
		DF402B8E16DDA7EC0082D2FE /* status_icon_5.png in Resources */ = {isa = PBXBuildFile; fileRef = DF402B8516DDA7EC0082D2FE /* status_icon_5.png */; };
		DF402B8F16DDA7EC0082D2FE /* status_icon_6.png in Resources */ = {isa = PBXBuildFile; fileRef = DF402B8616DDA7EC0082D2FE /* status_icon_6.png */; };
		DF402B9016DDA7EC0082D2FE /* status_icon_7.png in Resources */ = {isa = PBXBuildFile; fileRef = DF402B8716DDA7EC0082D2FE /* status_icon_7.png */; };
		DF402B9116DDA7EC0082D2FE /* status_icon_off.png in Resources */ = {isa = PBXBuildFile; fileRef = DF402B8816DDA7EC0082D2FE /* status_icon_off.png */; };
		DF402B9316DDBBCA0082D2FE /* Sparkle.framework in Frameworks */ = {isa = PBXBuildFile; fileRef = DF402B9216DDBBCA0082D2FE /* Sparkle.framework */; };
		DF402B9516DDBC050082D2FE /* Sparkle.framework in CopyFiles */ = {isa = PBXBuildFile; fileRef = DF402B9216DDBBCA0082D2FE /* Sparkle.framework */; };
		DF427E3A16DCAEAF002A487D /* ULXLoginKeyWrapper.m in Sources */ = {isa = PBXBuildFile; fileRef = DF427E3916DCAEAF002A487D /* ULXLoginKeyWrapper.m */; };
		DF427E3C16DCB384002A487D /* Security.framework in Frameworks */ = {isa = PBXBuildFile; fileRef = DF427E3B16DCB384002A487D /* Security.framework */; };
		DFA201AC16DC790300C82764 /* ucas_image.png in Resources */ = {isa = PBXBuildFile; fileRef = DFA201AB16DC790300C82764 /* ucas_image.png */; };
		DFA201B116DCA15C00C82764 /* ULXLoginWorker.m in Sources */ = {isa = PBXBuildFile; fileRef = DFA201B016DCA15C00C82764 /* ULXLoginWorker.m */; };
		DFA201B516DCA61700C82764 /* ULXSettingsWindowController.m in Sources */ = {isa = PBXBuildFile; fileRef = DFA201B316DCA61700C82764 /* ULXSettingsWindowController.m */; };
		DFA201B616DCA61700C82764 /* ULXSettingsWindowController.xib in Resources */ = {isa = PBXBuildFile; fileRef = DFA201B416DCA61700C82764 /* ULXSettingsWindowController.xib */; };
		DFCB3B5516DDC11B00A9A956 /* icon.iconset in Resources */ = {isa = PBXBuildFile; fileRef = DFCB3B5416DDC11B00A9A956 /* icon.iconset */; };
		DFE1845C16DC5D2D00D74D7A /* Cocoa.framework in Frameworks */ = {isa = PBXBuildFile; fileRef = DFE1845B16DC5D2D00D74D7A /* Cocoa.framework */; };
		DFE1846616DC5D2D00D74D7A /* InfoPlist.strings in Resources */ = {isa = PBXBuildFile; fileRef = DFE1846416DC5D2D00D74D7A /* InfoPlist.strings */; };
		DFE1846816DC5D2D00D74D7A /* main.m in Sources */ = {isa = PBXBuildFile; fileRef = DFE1846716DC5D2D00D74D7A /* main.m */; };
		DFE1846C16DC5D2D00D74D7A /* Credits.rtf in Resources */ = {isa = PBXBuildFile; fileRef = DFE1846A16DC5D2D00D74D7A /* Credits.rtf */; };
		DFE1846F16DC5D2D00D74D7A /* ULXAppDelegate.m in Sources */ = {isa = PBXBuildFile; fileRef = DFE1846E16DC5D2D00D74D7A /* ULXAppDelegate.m */; };
		DFE1847216DC5D2D00D74D7A /* MainMenu.xib in Resources */ = {isa = PBXBuildFile; fileRef = DFE1847016DC5D2D00D74D7A /* MainMenu.xib */; };
/* End PBXBuildFile section */

/* Begin PBXCopyFilesBuildPhase section */
		DF402B9416DDBBEA0082D2FE /* CopyFiles */ = {
			isa = PBXCopyFilesBuildPhase;
			buildActionMask = 2147483647;
			dstPath = "";
			dstSubfolderSpec = 10;
			files = (
				DF402B9516DDBC050082D2FE /* Sparkle.framework in CopyFiles */,
			);
			runOnlyForDeploymentPostprocessing = 0;
		};
/* End PBXCopyFilesBuildPhase section */

/* Begin PBXFileReference section */
		DF402B7E16DD9C350082D2FE /* ulx_helper.py */ = {isa = PBXFileReference; fileEncoding = 4; lastKnownFileType = text.script.python; path = ulx_helper.py; sourceTree = "<group>"; };
		DF402B8016DDA7EC0082D2FE /* status_icon_0.png */ = {isa = PBXFileReference; lastKnownFileType = image.png; name = status_icon_0.png; path = Resources/status_icon_0.png; sourceTree = "<group>"; };
		DF402B8116DDA7EC0082D2FE /* status_icon_1.png */ = {isa = PBXFileReference; lastKnownFileType = image.png; name = status_icon_1.png; path = Resources/status_icon_1.png; sourceTree = "<group>"; };
		DF402B8216DDA7EC0082D2FE /* status_icon_2.png */ = {isa = PBXFileReference; lastKnownFileType = image.png; name = status_icon_2.png; path = Resources/status_icon_2.png; sourceTree = "<group>"; };
		DF402B8316DDA7EC0082D2FE /* status_icon_3.png */ = {isa = PBXFileReference; lastKnownFileType = image.png; name = status_icon_3.png; path = Resources/status_icon_3.png; sourceTree = "<group>"; };
		DF402B8416DDA7EC0082D2FE /* status_icon_4.png */ = {isa = PBXFileReference; lastKnownFileType = image.png; name = status_icon_4.png; path = Resources/status_icon_4.png; sourceTree = "<group>"; };
		DF402B8516DDA7EC0082D2FE /* status_icon_5.png */ = {isa = PBXFileReference; lastKnownFileType = image.png; name = status_icon_5.png; path = Resources/status_icon_5.png; sourceTree = "<group>"; };
		DF402B8616DDA7EC0082D2FE /* status_icon_6.png */ = {isa = PBXFileReference; lastKnownFileType = image.png; name = status_icon_6.png; path = Resources/status_icon_6.png; sourceTree = "<group>"; };
		DF402B8716DDA7EC0082D2FE /* status_icon_7.png */ = {isa = PBXFileReference; lastKnownFileType = image.png; name = status_icon_7.png; path = Resources/status_icon_7.png; sourceTree = "<group>"; };
		DF402B8816DDA7EC0082D2FE /* status_icon_off.png */ = {isa = PBXFileReference; lastKnownFileType = image.png; name = status_icon_off.png; path = Resources/status_icon_off.png; sourceTree = "<group>"; };
		DF402B9216DDBBCA0082D2FE /* Sparkle.framework */ = {isa = PBXFileReference; lastKnownFileType = wrapper.framework; path = Sparkle.framework; sourceTree = "<group>"; };
		DF427E3816DCAEAF002A487D /* ULXLoginKeyWrapper.h */ = {isa = PBXFileReference; fileEncoding = 4; lastKnownFileType = sourcecode.c.h; path = ULXLoginKeyWrapper.h; sourceTree = "<group>"; };
		DF427E3916DCAEAF002A487D /* ULXLoginKeyWrapper.m */ = {isa = PBXFileReference; fileEncoding = 4; lastKnownFileType = sourcecode.c.objc; path = ULXLoginKeyWrapper.m; sourceTree = "<group>"; };
		DF427E3B16DCB384002A487D /* Security.framework */ = {isa = PBXFileReference; lastKnownFileType = wrapper.framework; name = Security.framework; path = Platforms/MacOSX.platform/Developer/SDKs/MacOSX10.7.sdk/System/Library/Frameworks/Security.framework; sourceTree = DEVELOPER_DIR; };
		DFA201AB16DC790300C82764 /* ucas_image.png */ = {isa = PBXFileReference; lastKnownFileType = image.png; name = ucas_image.png; path = Resources/ucas_image.png; sourceTree = "<group>"; };
		DFA201AF16DCA15C00C82764 /* ULXLoginWorker.h */ = {isa = PBXFileReference; fileEncoding = 4; lastKnownFileType = sourcecode.c.h; path = ULXLoginWorker.h; sourceTree = "<group>"; };
		DFA201B016DCA15C00C82764 /* ULXLoginWorker.m */ = {isa = PBXFileReference; fileEncoding = 4; lastKnownFileType = sourcecode.c.objc; path = ULXLoginWorker.m; sourceTree = "<group>"; };
		DFA201B216DCA61700C82764 /* ULXSettingsWindowController.h */ = {isa = PBXFileReference; fileEncoding = 4; lastKnownFileType = sourcecode.c.h; path = ULXSettingsWindowController.h; sourceTree = "<group>"; };
		DFA201B316DCA61700C82764 /* ULXSettingsWindowController.m */ = {isa = PBXFileReference; fileEncoding = 4; lastKnownFileType = sourcecode.c.objc; path = ULXSettingsWindowController.m; sourceTree = "<group>"; };
		DFA201B416DCA61700C82764 /* ULXSettingsWindowController.xib */ = {isa = PBXFileReference; fileEncoding = 4; lastKnownFileType = file.xib; path = ULXSettingsWindowController.xib; sourceTree = "<group>"; };
		DFCB3B5416DDC11B00A9A956 /* icon.iconset */ = {isa = PBXFileReference; lastKnownFileType = folder.iconset; path = icon.iconset; sourceTree = "<group>"; };
		DFE1845816DC5D2D00D74D7A /* UCASLogin-osx.app */ = {isa = PBXFileReference; explicitFileType = wrapper.application; includeInIndex = 0; path = "UCASLogin-osx.app"; sourceTree = BUILT_PRODUCTS_DIR; };
		DFE1845B16DC5D2D00D74D7A /* Cocoa.framework */ = {isa = PBXFileReference; lastKnownFileType = wrapper.framework; name = Cocoa.framework; path = System/Library/Frameworks/Cocoa.framework; sourceTree = SDKROOT; };
		DFE1845E16DC5D2D00D74D7A /* AppKit.framework */ = {isa = PBXFileReference; lastKnownFileType = wrapper.framework; name = AppKit.framework; path = System/Library/Frameworks/AppKit.framework; sourceTree = SDKROOT; };
		DFE1845F16DC5D2D00D74D7A /* CoreData.framework */ = {isa = PBXFileReference; lastKnownFileType = wrapper.framework; name = CoreData.framework; path = System/Library/Frameworks/CoreData.framework; sourceTree = SDKROOT; };
		DFE1846016DC5D2D00D74D7A /* Foundation.framework */ = {isa = PBXFileReference; lastKnownFileType = wrapper.framework; name = Foundation.framework; path = System/Library/Frameworks/Foundation.framework; sourceTree = SDKROOT; };
		DFE1846316DC5D2D00D74D7A /* UCASLogin-osx-Info.plist */ = {isa = PBXFileReference; lastKnownFileType = text.plist.xml; path = "UCASLogin-osx-Info.plist"; sourceTree = "<group>"; };
		DFE1846516DC5D2D00D74D7A /* en */ = {isa = PBXFileReference; lastKnownFileType = text.plist.strings; name = en; path = en.lproj/InfoPlist.strings; sourceTree = "<group>"; };
		DFE1846716DC5D2D00D74D7A /* main.m */ = {isa = PBXFileReference; lastKnownFileType = sourcecode.c.objc; path = main.m; sourceTree = "<group>"; };
		DFE1846916DC5D2D00D74D7A /* UCASLogin-osx-Prefix.pch */ = {isa = PBXFileReference; lastKnownFileType = sourcecode.c.h; path = "UCASLogin-osx-Prefix.pch"; sourceTree = "<group>"; };
		DFE1846B16DC5D2D00D74D7A /* en */ = {isa = PBXFileReference; lastKnownFileType = text.rtf; name = en; path = en.lproj/Credits.rtf; sourceTree = "<group>"; };
		DFE1846D16DC5D2D00D74D7A /* ULXAppDelegate.h */ = {isa = PBXFileReference; lastKnownFileType = sourcecode.c.h; path = ULXAppDelegate.h; sourceTree = "<group>"; };
		DFE1846E16DC5D2D00D74D7A /* ULXAppDelegate.m */ = {isa = PBXFileReference; lastKnownFileType = sourcecode.c.objc; path = ULXAppDelegate.m; sourceTree = "<group>"; };
		DFE1847116DC5D2D00D74D7A /* en */ = {isa = PBXFileReference; lastKnownFileType = file.xib; name = en; path = en.lproj/MainMenu.xib; sourceTree = "<group>"; };
/* End PBXFileReference section */

/* Begin PBXFrameworksBuildPhase section */
		DFE1845516DC5D2D00D74D7A /* Frameworks */ = {
			isa = PBXFrameworksBuildPhase;
			buildActionMask = 2147483647;
			files = (
				DF427E3C16DCB384002A487D /* Security.framework in Frameworks */,
				DFE1845C16DC5D2D00D74D7A /* Cocoa.framework in Frameworks */,
				DF402B9316DDBBCA0082D2FE /* Sparkle.framework in Frameworks */,
			);
			runOnlyForDeploymentPostprocessing = 0;
		};
/* End PBXFrameworksBuildPhase section */

/* Begin PBXGroup section */
		DF402B7D16DD9C350082D2FE /* scripts */ = {
			isa = PBXGroup;
			children = (
				DF402B7E16DD9C350082D2FE /* ulx_helper.py */,
			);
			path = scripts;
			sourceTree = "<group>";
		};
		DFE1844F16DC5D2D00D74D7A = {
			isa = PBXGroup;
			children = (
				DFCB3B5416DDC11B00A9A956 /* icon.iconset */,
				DF402B7D16DD9C350082D2FE /* scripts */,
				DFE1847816DC650B00D74D7A /* Resources */,
				DFE1846116DC5D2D00D74D7A /* UCASLogin-osx */,
				DFE1845A16DC5D2D00D74D7A /* Frameworks */,
				DFE1845916DC5D2D00D74D7A /* Products */,
			);
			sourceTree = "<group>";
		};
		DFE1845916DC5D2D00D74D7A /* Products */ = {
			isa = PBXGroup;
			children = (
				DFE1845816DC5D2D00D74D7A /* UCASLogin-osx.app */,
			);
			name = Products;
			sourceTree = "<group>";
		};
		DFE1845A16DC5D2D00D74D7A /* Frameworks */ = {
			isa = PBXGroup;
			children = (
				DF402B9216DDBBCA0082D2FE /* Sparkle.framework */,
				DF427E3B16DCB384002A487D /* Security.framework */,
				DFE1845B16DC5D2D00D74D7A /* Cocoa.framework */,
				DFE1845D16DC5D2D00D74D7A /* Other Frameworks */,
			);
			name = Frameworks;
			sourceTree = "<group>";
		};
		DFE1845D16DC5D2D00D74D7A /* Other Frameworks */ = {
			isa = PBXGroup;
			children = (
				DFE1845E16DC5D2D00D74D7A /* AppKit.framework */,
				DFE1845F16DC5D2D00D74D7A /* CoreData.framework */,
				DFE1846016DC5D2D00D74D7A /* Foundation.framework */,
			);
			name = "Other Frameworks";
			sourceTree = "<group>";
		};
		DFE1846116DC5D2D00D74D7A /* UCASLogin-osx */ = {
			isa = PBXGroup;
			children = (
				DFA201B216DCA61700C82764 /* ULXSettingsWindowController.h */,
				DFA201B316DCA61700C82764 /* ULXSettingsWindowController.m */,
				DFA201B416DCA61700C82764 /* ULXSettingsWindowController.xib */,
				DFE1846D16DC5D2D00D74D7A /* ULXAppDelegate.h */,
				DFE1846E16DC5D2D00D74D7A /* ULXAppDelegate.m */,
				DFE1847016DC5D2D00D74D7A /* MainMenu.xib */,
				DFE1846216DC5D2D00D74D7A /* Supporting Files */,
				DFA201AF16DCA15C00C82764 /* ULXLoginWorker.h */,
				DFA201B016DCA15C00C82764 /* ULXLoginWorker.m */,
				DF427E3816DCAEAF002A487D /* ULXLoginKeyWrapper.h */,
				DF427E3916DCAEAF002A487D /* ULXLoginKeyWrapper.m */,
			);
			path = "UCASLogin-osx";
			sourceTree = "<group>";
		};
		DFE1846216DC5D2D00D74D7A /* Supporting Files */ = {
			isa = PBXGroup;
			children = (
				DFE1846316DC5D2D00D74D7A /* UCASLogin-osx-Info.plist */,
				DFE1846416DC5D2D00D74D7A /* InfoPlist.strings */,
				DFE1846716DC5D2D00D74D7A /* main.m */,
				DFE1846916DC5D2D00D74D7A /* UCASLogin-osx-Prefix.pch */,
				DFE1846A16DC5D2D00D74D7A /* Credits.rtf */,
			);
			name = "Supporting Files";
			sourceTree = "<group>";
		};
		DFE1847816DC650B00D74D7A /* Resources */ = {
			isa = PBXGroup;
			children = (
				DF402B8016DDA7EC0082D2FE /* status_icon_0.png */,
				DF402B8116DDA7EC0082D2FE /* status_icon_1.png */,
				DF402B8216DDA7EC0082D2FE /* status_icon_2.png */,
				DF402B8316DDA7EC0082D2FE /* status_icon_3.png */,
				DF402B8416DDA7EC0082D2FE /* status_icon_4.png */,
				DF402B8516DDA7EC0082D2FE /* status_icon_5.png */,
				DF402B8616DDA7EC0082D2FE /* status_icon_6.png */,
				DF402B8716DDA7EC0082D2FE /* status_icon_7.png */,
				DF402B8816DDA7EC0082D2FE /* status_icon_off.png */,
				DFA201AB16DC790300C82764 /* ucas_image.png */,
			);
			name = Resources;
			path = "UCASLogin-osx";
			sourceTree = "<group>";
		};
/* End PBXGroup section */

/* Begin PBXNativeTarget section */
		DFE1845716DC5D2D00D74D7A /* UCASLogin-osx */ = {
			isa = PBXNativeTarget;
			buildConfigurationList = DFE1847516DC5D2D00D74D7A /* Build configuration list for PBXNativeTarget "UCASLogin-osx" */;
			buildPhases = (
				DFE1845416DC5D2D00D74D7A /* Sources */,
				DFE1845516DC5D2D00D74D7A /* Frameworks */,
				DFE1845616DC5D2D00D74D7A /* Resources */,
				DF402B9416DDBBEA0082D2FE /* CopyFiles */,
			);
			buildRules = (
			);
			dependencies = (
			);
			name = "UCASLogin-osx";
			productName = "UCASLogin-osx";
			productReference = DFE1845816DC5D2D00D74D7A /* UCASLogin-osx.app */;
			productType = "com.apple.product-type.application";
		};
/* End PBXNativeTarget section */

/* Begin PBXProject section */
		DFE1845016DC5D2D00D74D7A /* Project object */ = {
			isa = PBXProject;
			attributes = {
				CLASSPREFIX = ULX;
				LastUpgradeCheck = 0460;
				ORGANIZATIONNAME = "Void Main Studio";
			};
			buildConfigurationList = DFE1845316DC5D2D00D74D7A /* Build configuration list for PBXProject "UCASLogin-osx" */;
			compatibilityVersion = "Xcode 3.2";
			developmentRegion = English;
			hasScannedForEncodings = 0;
			knownRegions = (
				en,
			);
			mainGroup = DFE1844F16DC5D2D00D74D7A;
			productRefGroup = DFE1845916DC5D2D00D74D7A /* Products */;
			projectDirPath = "";
			projectRoot = "";
			targets = (
				DFE1845716DC5D2D00D74D7A /* UCASLogin-osx */,
			);
		};
/* End PBXProject section */

/* Begin PBXResourcesBuildPhase section */
		DFE1845616DC5D2D00D74D7A /* Resources */ = {
			isa = PBXResourcesBuildPhase;
			buildActionMask = 2147483647;
			files = (
				DFE1846616DC5D2D00D74D7A /* InfoPlist.strings in Resources */,
				DFE1846C16DC5D2D00D74D7A /* Credits.rtf in Resources */,
				DFE1847216DC5D2D00D74D7A /* MainMenu.xib in Resources */,
				DFA201AC16DC790300C82764 /* ucas_image.png in Resources */,
				DFA201B616DCA61700C82764 /* ULXSettingsWindowController.xib in Resources */,
				DF402B7F16DD9C350082D2FE /* ulx_helper.py in Resources */,
				DF402B8916DDA7EC0082D2FE /* status_icon_0.png in Resources */,
				DF402B8A16DDA7EC0082D2FE /* status_icon_1.png in Resources */,
				DF402B8B16DDA7EC0082D2FE /* status_icon_2.png in Resources */,
				DF402B8C16DDA7EC0082D2FE /* status_icon_3.png in Resources */,
				DF402B8D16DDA7EC0082D2FE /* status_icon_4.png in Resources */,
				DF402B8E16DDA7EC0082D2FE /* status_icon_5.png in Resources */,
				DF402B8F16DDA7EC0082D2FE /* status_icon_6.png in Resources */,
				DF402B9016DDA7EC0082D2FE /* status_icon_7.png in Resources */,
				DF402B9116DDA7EC0082D2FE /* status_icon_off.png in Resources */,
				DFCB3B5516DDC11B00A9A956 /* icon.iconset in Resources */,
			);
			runOnlyForDeploymentPostprocessing = 0;
		};
/* End PBXResourcesBuildPhase section */

/* Begin PBXSourcesBuildPhase section */
		DFE1845416DC5D2D00D74D7A /* Sources */ = {
			isa = PBXSourcesBuildPhase;
			buildActionMask = 2147483647;
			files = (
				DFE1846816DC5D2D00D74D7A /* main.m in Sources */,
				DFE1846F16DC5D2D00D74D7A /* ULXAppDelegate.m in Sources */,
				DFA201B116DCA15C00C82764 /* ULXLoginWorker.m in Sources */,
				DFA201B516DCA61700C82764 /* ULXSettingsWindowController.m in Sources */,
				DF427E3A16DCAEAF002A487D /* ULXLoginKeyWrapper.m in Sources */,
			);
			runOnlyForDeploymentPostprocessing = 0;
		};
/* End PBXSourcesBuildPhase section */

/* Begin PBXVariantGroup section */
		DFE1846416DC5D2D00D74D7A /* InfoPlist.strings */ = {
			isa = PBXVariantGroup;
			children = (
				DFE1846516DC5D2D00D74D7A /* en */,
			);
			name = InfoPlist.strings;
			sourceTree = "<group>";
		};
		DFE1846A16DC5D2D00D74D7A /* Credits.rtf */ = {
			isa = PBXVariantGroup;
			children = (
				DFE1846B16DC5D2D00D74D7A /* en */,
			);
			name = Credits.rtf;
			sourceTree = "<group>";
		};
		DFE1847016DC5D2D00D74D7A /* MainMenu.xib */ = {
			isa = PBXVariantGroup;
			children = (
				DFE1847116DC5D2D00D74D7A /* en */,
			);
			name = MainMenu.xib;
			sourceTree = "<group>";
		};
/* End PBXVariantGroup section */

/* Begin XCBuildConfiguration section */
		DFE1847316DC5D2D00D74D7A /* Debug */ = {
			isa = XCBuildConfiguration;
			buildSettings = {
				ALWAYS_SEARCH_USER_PATHS = NO;
				ARCHS = "$(ARCHS_STANDARD_64_BIT)";
				CLANG_CXX_LANGUAGE_STANDARD = "gnu++0x";
				CLANG_CXX_LIBRARY = "libc++";
				CLANG_WARN_CONSTANT_CONVERSION = YES;
				CLANG_WARN_EMPTY_BODY = YES;
				CLANG_WARN_ENUM_CONVERSION = YES;
				CLANG_WARN_INT_CONVERSION = YES;
				CLANG_WARN__DUPLICATE_METHOD_MATCH = YES;
				COPY_PHASE_STRIP = NO;
				GCC_C_LANGUAGE_STANDARD = gnu99;
				GCC_DYNAMIC_NO_PIC = NO;
				GCC_ENABLE_OBJC_EXCEPTIONS = YES;
				GCC_OPTIMIZATION_LEVEL = 0;
				GCC_PREPROCESSOR_DEFINITIONS = (
					"DEBUG=1",
					"$(inherited)",
				);
				GCC_SYMBOLS_PRIVATE_EXTERN = NO;
				GCC_WARN_64_TO_32_BIT_CONVERSION = YES;
				GCC_WARN_ABOUT_RETURN_TYPE = YES;
				GCC_WARN_UNINITIALIZED_AUTOS = YES;
				GCC_WARN_UNUSED_VARIABLE = YES;
				MACOSX_DEPLOYMENT_TARGET = 10.8;
				ONLY_ACTIVE_ARCH = YES;
				SDKROOT = macosx;
			};
			name = Debug;
		};
		DFE1847416DC5D2D00D74D7A /* Release */ = {
			isa = XCBuildConfiguration;
			buildSettings = {
				ALWAYS_SEARCH_USER_PATHS = NO;
				ARCHS = "$(ARCHS_STANDARD_64_BIT)";
				CLANG_CXX_LANGUAGE_STANDARD = "gnu++0x";
				CLANG_CXX_LIBRARY = "libc++";
				CLANG_WARN_CONSTANT_CONVERSION = YES;
				CLANG_WARN_EMPTY_BODY = YES;
				CLANG_WARN_ENUM_CONVERSION = YES;
				CLANG_WARN_INT_CONVERSION = YES;
				CLANG_WARN__DUPLICATE_METHOD_MATCH = YES;
				COPY_PHASE_STRIP = YES;
				DEBUG_INFORMATION_FORMAT = "dwarf-with-dsym";
				GCC_C_LANGUAGE_STANDARD = gnu99;
				GCC_ENABLE_OBJC_EXCEPTIONS = YES;
				GCC_WARN_64_TO_32_BIT_CONVERSION = YES;
				GCC_WARN_ABOUT_RETURN_TYPE = YES;
				GCC_WARN_UNINITIALIZED_AUTOS = YES;
				GCC_WARN_UNUSED_VARIABLE = YES;
				MACOSX_DEPLOYMENT_TARGET = 10.8;
				SDKROOT = macosx;
			};
			name = Release;
		};
		DFE1847616DC5D2D00D74D7A /* Debug */ = {
			isa = XCBuildConfiguration;
			buildSettings = {
				COMBINE_HIDPI_IMAGES = YES;
				FRAMEWORK_SEARCH_PATHS = (
					"$(inherited)",
					"\"$(SRCROOT)\"",
				);
				GCC_PRECOMPILE_PREFIX_HEADER = YES;
				GCC_PREFIX_HEADER = "UCASLogin-osx/UCASLogin-osx-Prefix.pch";
				INFOPLIST_FILE = "UCASLogin-osx/UCASLogin-osx-Info.plist";
				MACOSX_DEPLOYMENT_TARGET = 10.7;
				PRODUCT_NAME = "$(TARGET_NAME)";
				SDKROOT = macosx10.7;
				WRAPPER_EXTENSION = app;
			};
			name = Debug;
		};
		DFE1847716DC5D2D00D74D7A /* Release */ = {
			isa = XCBuildConfiguration;
			buildSettings = {
				COMBINE_HIDPI_IMAGES = YES;
				FRAMEWORK_SEARCH_PATHS = (
					"$(inherited)",
					"\"$(SRCROOT)\"",
				);
				GCC_PRECOMPILE_PREFIX_HEADER = YES;
				GCC_PREFIX_HEADER = "UCASLogin-osx/UCASLogin-osx-Prefix.pch";
				INFOPLIST_FILE = "UCASLogin-osx/UCASLogin-osx-Info.plist";
				MACOSX_DEPLOYMENT_TARGET = 10.7;
				PRODUCT_NAME = "$(TARGET_NAME)";
				SDKROOT = macosx10.7;
				WRAPPER_EXTENSION = app;
			};
			name = Release;
		};
/* End XCBuildConfiguration section */

/* Begin XCConfigurationList section */
		DFE1845316DC5D2D00D74D7A /* Build configuration list for PBXProject "UCASLogin-osx" */ = {
			isa = XCConfigurationList;
			buildConfigurations = (
				DFE1847316DC5D2D00D74D7A /* Debug */,
				DFE1847416DC5D2D00D74D7A /* Release */,
			);
			defaultConfigurationIsVisible = 0;
			defaultConfigurationName = Release;
		};
		DFE1847516DC5D2D00D74D7A /* Build configuration list for PBXNativeTarget "UCASLogin-osx" */ = {
			isa = XCConfigurationList;
			buildConfigurations = (
				DFE1847616DC5D2D00D74D7A /* Debug */,
				DFE1847716DC5D2D00D74D7A /* Release */,
			);
			defaultConfigurationIsVisible = 0;
			defaultConfigurationName = Release;
		};
/* End XCConfigurationList section */
	};
	rootObject = DFE1845016DC5D2D00D74D7A /* Project object */;
}
